// !$*UTF8*$!
{
	archiveVersion = 1;
	classes = {
	};
	objectVersion = 50;
	objects = {

/* Begin PBXBuildFile section */
		AAB1642B25469BE90080C5BC /* AppDelegate.swift in Sources */ = {isa = PBXBuildFile; fileRef = AAB1642A25469BE90080C5BC /* AppDelegate.swift */; };
		AAB1642D25469BE90080C5BC /* SceneDelegate.swift in Sources */ = {isa = PBXBuildFile; fileRef = AAB1642C25469BE90080C5BC /* SceneDelegate.swift */; };
		AAB1642F25469BE90080C5BC /* ViewController.swift in Sources */ = {isa = PBXBuildFile; fileRef = AAB1642E25469BE90080C5BC /* ViewController.swift */; };
		AAB1643225469BE90080C5BC /* Main.storyboard in Resources */ = {isa = PBXBuildFile; fileRef = AAB1643025469BE90080C5BC /* Main.storyboard */; };
		AAB1643425469BEC0080C5BC /* Assets.xcassets in Resources */ = {isa = PBXBuildFile; fileRef = AAB1643325469BEC0080C5BC /* Assets.xcassets */; };
		AAB1643725469BEC0080C5BC /* LaunchScreen.storyboard in Resources */ = {isa = PBXBuildFile; fileRef = AAB1643525469BEC0080C5BC /* LaunchScreen.storyboard */; };
		AAFE4780254942D900DD57DC /* DenTestML 2.mlmodel in Sources */ = {isa = PBXBuildFile; fileRef = AAFE477F254942D900DD57DC /* DenTestML 2.mlmodel */; };
/* End PBXBuildFile section */

/* Begin PBXFileReference section */
		AAB1642725469BE90080C5BC /* DenTest.app */ = {isa = PBXFileReference; explicitFileType = wrapper.application; includeInIndex = 0; path = DenTest.app; sourceTree = BUILT_PRODUCTS_DIR; };
		AAB1642A25469BE90080C5BC /* AppDelegate.swift */ = {isa = PBXFileReference; lastKnownFileType = sourcecode.swift; path = AppDelegate.swift; sourceTree = "<group>"; };
		AAB1642C25469BE90080C5BC /* SceneDelegate.swift */ = {isa = PBXFileReference; lastKnownFileType = sourcecode.swift; path = SceneDelegate.swift; sourceTree = "<group>"; };
		AAB1642E25469BE90080C5BC /* ViewController.swift */ = {isa = PBXFileReference; lastKnownFileType = sourcecode.swift; path = ViewController.swift; sourceTree = "<group>"; };
		AAB1643125469BE90080C5BC /* Base */ = {isa = PBXFileReference; lastKnownFileType = file.storyboard; name = Base; path = Base.lproj/Main.storyboard; sourceTree = "<group>"; };
		AAB1643325469BEC0080C5BC /* Assets.xcassets */ = {isa = PBXFileReference; lastKnownFileType = folder.assetcatalog; path = Assets.xcassets; sourceTree = "<group>"; };
		AAB1643625469BEC0080C5BC /* Base */ = {isa = PBXFileReference; lastKnownFileType = file.storyboard; name = Base; path = Base.lproj/LaunchScreen.storyboard; sourceTree = "<group>"; };
		AAB1643825469BEC0080C5BC /* Info.plist */ = {isa = PBXFileReference; lastKnownFileType = text.plist.xml; path = Info.plist; sourceTree = "<group>"; };
		AAFE477F254942D900DD57DC /* DenTestML 2.mlmodel */ = {isa = PBXFileReference; lastKnownFileType = file.mlmodel; name = "DenTestML 2.mlmodel"; path = "../../DenTestModel_v2200.mlproj/Models/DenTestML 2.mlmodel"; sourceTree = "<group>"; };
/* End PBXFileReference section */

/* Begin PBXFrameworksBuildPhase section */
		AAB1642425469BE90080C5BC /* Frameworks */ = {
			isa = PBXFrameworksBuildPhase;
			buildActionMask = 2147483647;
			files = (
			);
			runOnlyForDeploymentPostprocessing = 0;
		};
/* End PBXFrameworksBuildPhase section */

/* Begin PBXGroup section */
		AAB1641E25469BE90080C5BC = {
			isa = PBXGroup;
			children = (
				AAB1642925469BE90080C5BC /* DenTest */,
				AAB1642825469BE90080C5BC /* Products */,
			);
			sourceTree = "<group>";
		};
		AAB1642825469BE90080C5BC /* Products */ = {
			isa = PBXGroup;
			children = (
				AAB1642725469BE90080C5BC /* DenTest.app */,
			);
			name = Products;
			sourceTree = "<group>";
		};
		AAB1642925469BE90080C5BC /* DenTest */ = {
			isa = PBXGroup;
			children = (
				AAB1642A25469BE90080C5BC /* AppDelegate.swift */,
				AAFE477F254942D900DD57DC /* DenTestML 2.mlmodel */,
				AAB1642C25469BE90080C5BC /* SceneDelegate.swift */,
				AAB1642E25469BE90080C5BC /* ViewController.swift */,
				AAB1643025469BE90080C5BC /* Main.storyboard */,
				AAB1643325469BEC0080C5BC /* Assets.xcassets */,
				AAB1643525469BEC0080C5BC /* LaunchScreen.storyboard */,
				AAB1643825469BEC0080C5BC /* Info.plist */,
			);
			path = DenTest;
			sourceTree = "<group>";
		};
/* End PBXGroup section */

/* Begin PBXNativeTarget section */
		AAB1642625469BE90080C5BC /* DenTest */ = {
			isa = PBXNativeTarget;
			buildConfigurationList = AAB1643B25469BEC0080C5BC /* Build configuration list for PBXNativeTarget "DenTest" */;
			buildPhases = (
				AAB1642325469BE90080C5BC /* Sources */,
				AAB1642425469BE90080C5BC /* Frameworks */,
				AAB1642525469BE90080C5BC /* Resources */,
			);
			buildRules = (
			);
			dependencies = (
			);
			name = DenTest;
			productName = DenTest;
			productReference = AAB1642725469BE90080C5BC /* DenTest.app */;
			productType = "com.apple.product-type.application";
		};
/* End PBXNativeTarget section */

/* Begin PBXProject section */
		AAB1641F25469BE90080C5BC /* Project object */ = {
			isa = PBXProject;
			attributes = {
				LastSwiftUpdateCheck = 1130;
				LastUpgradeCheck = 1130;
				ORGANIZATIONNAME = "Sohil Bhatia";
				TargetAttributes = {
					AAB1642625469BE90080C5BC = {
						CreatedOnToolsVersion = 11.3.1;
					};
				};
			};
			buildConfigurationList = AAB1642225469BE90080C5BC /* Build configuration list for PBXProject "DenTest" */;
			compatibilityVersion = "Xcode 9.3";
			developmentRegion = en;
			hasScannedForEncodings = 0;
			knownRegions = (
				en,
				Base,
			);
			mainGroup = AAB1641E25469BE90080C5BC;
			productRefGroup = AAB1642825469BE90080C5BC /* Products */;
			projectDirPath = "";
			projectRoot = "";
			targets = (
				AAB1642625469BE90080C5BC /* DenTest */,
			);
		};
/* End PBXProject section */

/* Begin PBXResourcesBuildPhase section */
		AAB1642525469BE90080C5BC /* Resources */ = {
			isa = PBXResourcesBuildPhase;
			buildActionMask = 2147483647;
			files = (
				AAB1643725469BEC0080C5BC /* LaunchScreen.storyboard in Resources */,
				AAB1643425469BEC0080C5BC /* Assets.xcassets in Resources */,
				AAB1643225469BE90080C5BC /* Main.storyboard in Resources */,
			);
			runOnlyForDeploymentPostprocessing = 0;
		};
/* End PBXResourcesBuildPhase section */

/* Begin PBXSourcesBuildPhase section */
		AAB1642325469BE90080C5BC /* Sources */ = {
			isa = PBXSourcesBuildPhase;
			buildActionMask = 2147483647;
			files = (
				AAB1642F25469BE90080C5BC /* ViewController.swift in Sources */,
				AAFE4780254942D900DD57DC /* DenTestML 2.mlmodel in Sources */,
				AAB1642B25469BE90080C5BC /* AppDelegate.swift in Sources */,
				AAB1642D25469BE90080C5BC /* SceneDelegate.swift in Sources */,
			);
			runOnlyForDeploymentPostprocessing = 0;
		};
/* End PBXSourcesBuildPhase section */

/* Begin PBXVariantGroup section */
		AAB1643025469BE90080C5BC /* Main.storyboard */ = {
			isa = PBXVariantGroup;
			children = (
				AAB1643125469BE90080C5BC /* Base */,
			);
			name = Main.storyboard;
			sourceTree = "<group>";
		};
		AAB1643525469BEC0080C5BC /* LaunchScreen.storyboard */ = {
			isa = PBXVariantGroup;
			children = (
				AAB1643625469BEC0080C5BC /* Base */,
			);
			name = LaunchScreen.storyboard;
			sourceTree = "<group>";
		};
/* End PBXVariantGroup section */

/* Begin XCBuildConfiguration section */
		AAB1643925469BEC0080C5BC /* Debug */ = {
			isa = XCBuildConfiguration;
			buildSettings = {
				ALWAYS_SEARCH_USER_PATHS = NO;
				CLANG_ANALYZER_NONNULL = YES;
				CLANG_ANALYZER_NUMBER_OBJECT_CONVERSION = YES_AGGRESSIVE;
				CLANG_CXX_LANGUAGE_STANDARD = "gnu++14";
				CLANG_CXX_LIBRARY = "libc++";
				CLANG_ENABLE_MODULES = YES;
				CLANG_ENABLE_OBJC_ARC = YES;
				CLANG_ENABLE_OBJC_WEAK = YES;
				CLANG_WARN_BLOCK_CAPTURE_AUTORELEASING = YES;
				CLANG_WARN_BOOL_CONVERSION = YES;
				CLANG_WARN_COMMA = YES;
				CLANG_WARN_CONSTANT_CONVERSION = YES;
				CLANG_WARN_DEPRECATED_OBJC_IMPLEMENTATIONS = YES;
				CLANG_WARN_DIRECT_OBJC_ISA_USAGE = YES_ERROR;
				CLANG_WARN_DOCUMENTATION_COMMENTS = YES;
				CLANG_WARN_EMPTY_BODY = YES;
				CLANG_WARN_ENUM_CONVERSION = YES;
				CLANG_WARN_INFINITE_RECURSION = YES;
				CLANG_WARN_INT_CONVERSION = YES;
				CLANG_WARN_NON_LITERAL_NULL_CONVERSION = YES;
				CLANG_WARN_OBJC_IMPLICIT_RETAIN_SELF = YES;
				CLANG_WARN_OBJC_LITERAL_CONVERSION = YES;
				CLANG_WARN_OBJC_ROOT_CLASS = YES_ERROR;
				CLANG_WARN_RANGE_LOOP_ANALYSIS = YES;
				CLANG_WARN_STRICT_PROTOTYPES = YES;
				CLANG_WARN_SUSPICIOUS_MOVE = YES;
				CLANG_WARN_UNGUARDED_AVAILABILITY = YES_AGGRESSIVE;
				CLANG_WARN_UNREACHABLE_CODE = YES;
				CLANG_WARN__DUPLICATE_METHOD_MATCH = YES;
				COPY_PHASE_STRIP = NO;
				DEBUG_INFORMATION_FORMAT = dwarf;
				ENABLE_STRICT_OBJC_MSGSEND = YES;
				ENABLE_TESTABILITY = YES;
				GCC_C_LANGUAGE_STANDARD = gnu11;
				GCC_DYNAMIC_NO_PIC = NO;
				GCC_NO_COMMON_BLOCKS = YES;
				GCC_OPTIMIZATION_LEVEL = 0;
				GCC_PREPROCESSOR_DEFINITIONS = (
					"DEBUG=1",
					"$(inherited)",
				);
				GCC_WARN_64_TO_32_BIT_CONVERSION = YES;
				GCC_WARN_ABOUT_RETURN_TYPE = YES_ERROR;
				GCC_WARN_UNDECLARED_SELECTOR = YES;
				GCC_WARN_UNINITIALIZED_AUTOS = YES_AGGRESSIVE;
				GCC_WARN_UNUSED_FUNCTION = YES;
				GCC_WARN_UNUSED_VARIABLE = YES;
				IPHONEOS_DEPLOYMENT_TARGET = 13.2;
				MTL_ENABLE_DEBUG_INFO = INCLUDE_SOURCE;
				MTL_FAST_MATH = YES;
				ONLY_ACTIVE_ARCH = YES;
				SDKROOT = iphoneos;
				SWIFT_ACTIVE_COMPILATION_CONDITIONS = DEBUG;
				SWIFT_OPTIMIZATION_LEVEL = "-Onone";
			};
			name = Debug;
		};
		AAB1643A25469BEC0080C5BC /* Release */ = {
			isa = XCBuildConfiguration;
			buildSettings = {
				ALWAYS_SEARCH_USER_PATHS = NO;
				CLANG_ANALYZER_NONNULL = YES;
				CLANG_ANALYZER_NUMBER_OBJECT_CONVERSION = YES_AGGRESSIVE;
				CLANG_CXX_LANGUAGE_STANDARD = "gnu++14";
				CLANG_CXX_LIBRARY = "libc++";
				CLANG_ENABLE_MODULES = YES;
				CLANG_ENABLE_OBJC_ARC = YES;
				CLANG_ENABLE_OBJC_WEAK = YES;
				CLANG_WARN_BLOCK_CAPTURE_AUTORELEASING = YES;
				CLANG_WARN_BOOL_CONVERSION = YES;
				CLANG_WARN_COMMA = YES;
				CLANG_WARN_CONSTANT_CONVERSION = YES;
				CLANG_WARN_DEPRECATED_OBJC_IMPLEMENTATIONS = YES;
				CLANG_WARN_DIRECT_OBJC_ISA_USAGE = YES_ERROR;
				CLANG_WARN_DOCUMENTATION_COMMENTS = YES;
				CLANG_WARN_EMPTY_BODY = YES;
				CLANG_WARN_ENUM_CONVERSION = YES;
				CLANG_WARN_INFINITE_RECURSION = YES;
				CLANG_WARN_INT_CONVERSION = YES;
				CLANG_WARN_NON_LITERAL_NULL_CONVERSION = YES;
				CLANG_WARN_OBJC_IMPLICIT_RETAIN_SELF = YES;
				CLANG_WARN_OBJC_LITERAL_CONVERSION = YES;
				CLANG_WARN_OBJC_ROOT_CLASS = YES_ERROR;
				CLANG_WARN_RANGE_LOOP_ANALYSIS = YES;
				CLANG_WARN_STRICT_PROTOTYPES = YES;
				CLANG_WARN_SUSPICIOUS_MOVE = YES;
				CLANG_WARN_UNGUARDED_AVAILABILITY = YES_AGGRESSIVE;
				CLANG_WARN_UNREACHABLE_CODE = YES;
				CLANG_WARN__DUPLICATE_METHOD_MATCH = YES;
				COPY_PHASE_STRIP = NO;
				DEBUG_INFORMATION_FORMAT = "dwarf-with-dsym";
				ENABLE_NS_ASSERTIONS = NO;
				ENABLE_STRICT_OBJC_MSGSEND = YES;
				GCC_C_LANGUAGE_STANDARD = gnu11;
				GCC_NO_COMMON_BLOCKS = YES;
				GCC_WARN_64_TO_32_BIT_CONVERSION = YES;
				GCC_WARN_ABOUT_RETURN_TYPE = YES_ERROR;
				GCC_WARN_UNDECLARED_SELECTOR = YES;
				GCC_WARN_UNINITIALIZED_AUTOS = YES_AGGRESSIVE;
				GCC_WARN_UNUSED_FUNCTION = YES;
				GCC_WARN_UNUSED_VARIABLE = YES;
				IPHONEOS_DEPLOYMENT_TARGET = 13.2;
				MTL_ENABLE_DEBUG_INFO = NO;
				MTL_FAST_MATH = YES;
				SDKROOT = iphoneos;
				SWIFT_COMPILATION_MODE = wholemodule;
				SWIFT_OPTIMIZATION_LEVEL = "-O";
				VALIDATE_PRODUCT = YES;
			};
			name = Release;
		};
		AAB1643C25469BEC0080C5BC /* Debug */ = {
			isa = XCBuildConfiguration;
			buildSettings = {
				ASSETCATALOG_COMPILER_APPICON_NAME = AppIcon;
				CODE_SIGN_STYLE = Automatic;
				DEVELOPMENT_TEAM = HLK8C3SR2N;
				INFOPLIST_FILE = DenTest/Info.plist;
				LD_RUNPATH_SEARCH_PATHS = (
					"$(inherited)",
					"@executable_path/Frameworks",
				);
				PRODUCT_BUNDLE_IDENTIFIER = SohilBhatia.DenTest;
				PRODUCT_NAME = "$(TARGET_NAME)";
				SWIFT_VERSION = 5.0;
				TARGETED_DEVICE_FAMILY = "1,2";
			};
			name = Debug;
		};
		AAB1643D25469BEC0080C5BC /* Release */ = {
			isa = XCBuildConfiguration;
			buildSettings = {
				ASSETCATALOG_COMPILER_APPICON_NAME = AppIcon;
				CODE_SIGN_STYLE = Automatic;
				DEVELOPMENT_TEAM = HLK8C3SR2N;
				INFOPLIST_FILE = DenTest/Info.plist;
				LD_RUNPATH_SEARCH_PATHS = (
					"$(inherited)",
					"@executable_path/Frameworks",
				);
				PRODUCT_BUNDLE_IDENTIFIER = SohilBhatia.DenTest;
				PRODUCT_NAME = "$(TARGET_NAME)";
				SWIFT_VERSION = 5.0;
				TARGETED_DEVICE_FAMILY = "1,2";
			};
			name = Release;
		};
/* End XCBuildConfiguration section */

/* Begin XCConfigurationList section */
		AAB1642225469BE90080C5BC /* Build configuration list for PBXProject "DenTest" */ = {
			isa = XCConfigurationList;
			buildConfigurations = (
				AAB1643925469BEC0080C5BC /* Debug */,
				AAB1643A25469BEC0080C5BC /* Release */,
			);
			defaultConfigurationIsVisible = 0;
			defaultConfigurationName = Release;
		};
		AAB1643B25469BEC0080C5BC /* Build configuration list for PBXNativeTarget "DenTest" */ = {
			isa = XCConfigurationList;
			buildConfigurations = (
				AAB1643C25469BEC0080C5BC /* Debug */,
				AAB1643D25469BEC0080C5BC /* Release */,
			);
			defaultConfigurationIsVisible = 0;
			defaultConfigurationName = Release;
		};
/* End XCConfigurationList section */
	};
	rootObject = AAB1641F25469BE90080C5BC /* Project object */;
}
